
Microsoft Visual Studio Solution File, Format Version 12.00
# Visual Studio 2012
Project("{FAE04EC0-301F-11D3-BF4B-00C04F79EFBC}") = "Tabloide.iOS", "iOS\Tabloide.iOS.csproj", "{113350D1-A2DD-4CD5-BF8D-5A7AFA7EAAF2}"
EndProject
Project("{FAE04EC0-301F-11D3-BF4B-00C04F79EFBC}") = "Tabloide.Droid", "Droid\Tabloide.Droid.csproj", "{6733C132-9FDF-4A74-AE46-76A00848A57E}"
EndProject
Project("{FAE04EC0-301F-11D3-BF4B-00C04F79EFBC}") = "Tabloide", "Tabloide\Tabloide.csproj", "{0D001794-02C1-40E5-AF20-33464A9B921F}"
EndProject
Global
	GlobalSection(SolutionConfigurationPlatforms) = preSolution
		Debug|Any CPU = Debug|Any CPU
		Release|Any CPU = Release|Any CPU
		Debug|iPhoneSimulator = Debug|iPhoneSimulator
		Release|iPhone = Release|iPhone
		Release|iPhoneSimulator = Release|iPhoneSimulator
		Debug|iPhone = Debug|iPhone
	EndGlobalSection
	GlobalSection(ProjectConfigurationPlatforms) = postSolution
		{113350D1-A2DD-4CD5-BF8D-5A7AFA7EAAF2}.Debug|Any CPU.ActiveCfg = Debug|iPhoneSimulator
		{113350D1-A2DD-4CD5-BF8D-5A7AFA7EAAF2}.Debug|Any CPU.Build.0 = Debug|iPhoneSimulator
		{113350D1-A2DD-4CD5-BF8D-5A7AFA7EAAF2}.Release|Any CPU.ActiveCfg = Release|iPhone
		{113350D1-A2DD-4CD5-BF8D-5A7AFA7EAAF2}.Release|Any CPU.Build.0 = Release|iPhone
		{113350D1-A2DD-4CD5-BF8D-5A7AFA7EAAF2}.Debug|iPhoneSimulator.ActiveCfg = Debug|iPhoneSimulator
		{113350D1-A2DD-4CD5-BF8D-5A7AFA7EAAF2}.Debug|iPhoneSimulator.Build.0 = Debug|iPhoneSimulator
		{113350D1-A2DD-4CD5-BF8D-5A7AFA7EAAF2}.Release|iPhone.ActiveCfg = Release|iPhone
		{113350D1-A2DD-4CD5-BF8D-5A7AFA7EAAF2}.Release|iPhone.Build.0 = Release|iPhone
		{113350D1-A2DD-4CD5-BF8D-5A7AFA7EAAF2}.Release|iPhoneSimulator.ActiveCfg = Release|iPhoneSimulator
		{113350D1-A2DD-4CD5-BF8D-5A7AFA7EAAF2}.Release|iPhoneSimulator.Build.0 = Release|iPhoneSimulator
		{113350D1-A2DD-4CD5-BF8D-5A7AFA7EAAF2}.Debug|iPhone.ActiveCfg = Debug|iPhone
		{113350D1-A2DD-4CD5-BF8D-5A7AFA7EAAF2}.Debug|iPhone.Build.0 = Debug|iPhone
		{6733C132-9FDF-4A74-AE46-76A00848A57E}.Debug|Any CPU.ActiveCfg = Debug|Any CPU
		{6733C132-9FDF-4A74-AE46-76A00848A57E}.Debug|Any CPU.Build.0 = Debug|Any CPU
		{6733C132-9FDF-4A74-AE46-76A00848A57E}.Release|Any CPU.ActiveCfg = Release|Any CPU
		{6733C132-9FDF-4A74-AE46-76A00848A57E}.Release|Any CPU.Build.0 = Release|Any CPU
		{6733C132-9FDF-4A74-AE46-76A00848A57E}.Debug|iPhoneSimulator.ActiveCfg = Debug|Any CPU
		{6733C132-9FDF-4A74-AE46-76A00848A57E}.Debug|iPhoneSimulator.Build.0 = Debug|Any CPU
		{6733C132-9FDF-4A74-AE46-76A00848A57E}.Release|iPhone.ActiveCfg = Release|Any CPU
		{6733C132-9FDF-4A74-AE46-76A00848A57E}.Release|iPhone.Build.0 = Release|Any CPU
		{6733C132-9FDF-4A74-AE46-76A00848A57E}.Release|iPhoneSimulator.ActiveCfg = Release|Any CPU
		{6733C132-9FDF-4A74-AE46-76A00848A57E}.Release|iPhoneSimulator.Build.0 = Release|Any CPU
		{6733C132-9FDF-4A74-AE46-76A00848A57E}.Debug|iPhone.ActiveCfg = Debug|Any CPU
		{6733C132-9FDF-4A74-AE46-76A00848A57E}.Debug|iPhone.Build.0 = Debug|Any CPU
		{0D001794-02C1-40E5-AF20-33464A9B921F}.Debug|Any CPU.ActiveCfg = Debug|Any CPU
		{0D001794-02C1-40E5-AF20-33464A9B921F}.Debug|Any CPU.Build.0 = Debug|Any CPU
		{0D001794-02C1-40E5-AF20-33464A9B921F}.Release|Any CPU.ActiveCfg = Release|Any CPU
		{0D001794-02C1-40E5-AF20-33464A9B921F}.Release|Any CPU.Build.0 = Release|Any CPU
		{0D001794-02C1-40E5-AF20-33464A9B921F}.Debug|iPhoneSimulator.ActiveCfg = Debug|Any CPU
		{0D001794-02C1-40E5-AF20-33464A9B921F}.Debug|iPhoneSimulator.Build.0 = Debug|Any CPU
		{0D001794-02C1-40E5-AF20-33464A9B921F}.Release|iPhone.ActiveCfg = Release|Any CPU
		{0D001794-02C1-40E5-AF20-33464A9B921F}.Release|iPhone.Build.0 = Release|Any CPU
		{0D001794-02C1-40E5-AF20-33464A9B921F}.Release|iPhoneSimulator.ActiveCfg = Release|Any CPU
		{0D001794-02C1-40E5-AF20-33464A9B921F}.Release|iPhoneSimulator.Build.0 = Release|Any CPU
		{0D001794-02C1-40E5-AF20-33464A9B921F}.Debug|iPhone.ActiveCfg = Debug|Any CPU
		{0D001794-02C1-40E5-AF20-33464A9B921F}.Debug|iPhone.Build.0 = Debug|Any CPU
	EndGlobalSection
EndGlobal
